
Microsoft Visual Studio Solution File, Format Version 12.00
# Visual Studio Version 17
VisualStudioVersion = 17.3.32922.545
MinimumVisualStudioVersion = 10.0.40219.1
Project("{2150E333-8FDC-42A3-9474-1A3956D46DE8}") = "01_MASM_Syntax_Basics", "01_MASM_Syntax_Basics", "{336C58B6-45E1-4536-89E7-CD07F53E3B9E}"
EndProject
Project("{2150E333-8FDC-42A3-9474-1A3956D46DE8}") = "02_Basic_x86_x64_Processor_Instructions", "02_Basic_x86_x64_Processor_Instructions", "{2BE18894-9103-4F33-A314-5CD92163C08B}"
EndProject
Project("{2150E333-8FDC-42A3-9474-1A3956D46DE8}") = "03_Understanding_MMX", "03_Understanding_MMX", "{9850F2B0-60A8-462A-A2A6-6E09E2CDA5BE}"
EndProject
Project("{2150E333-8FDC-42A3-9474-1A3956D46DE8}") = "04_Understanding_SSE_SSE2_SSE3_SSSE3_SSE4", "04_Understanding_SSE_SSE2_SSE3_SSSE3_SSE4", "{82593695-28F1-4EEF-868A-E699061DF88A}"
EndProject
Project("{2150E333-8FDC-42A3-9474-1A3956D46DE8}") = "05_Understanding_AVX_and_AVX_512", "05_Understanding_AVX_and_AVX_512", "{E1AD940A-193A-44DF-9389-89E653BC08B7}"
EndProject
Project("{2150E333-8FDC-42A3-9474-1A3956D46DE8}") = "06_MSVCPP_MASM_Hybrid_Apps", "06_MSVCPP_MASM_Hybrid_Apps", "{8304D2F6-1366-4BA4-B34E-8935E45AA983}"
EndProject
Project("{2150E333-8FDC-42A3-9474-1A3956D46DE8}") = "07_MSVCSHARP_MASM_Hybrid_Apps", "07_MSVCSHARP_MASM_Hybrid_Apps", "{40CDF760-A1C0-4A94-9588-9BE32FFE43EF}"
EndProject
Project("{8BC9CEB8-8B4A-11D0-8D11-00A0C91BC942}") = "01_001_Named_Constants_EQU", "01_001_Named_Constants_EQU\01_001_Named_Constants_EQU.vcxproj", "{7C43283A-E59D-4778-989B-FBF362670D2D}"
EndProject
Project("{8BC9CEB8-8B4A-11D0-8D11-00A0C91BC942}") = "01_003_WORD_SWORD_DW", "01_003_WORD_SWORD_DW\01_003_WORD_SWORD_DW.vcxproj", "{6E83E092-68EA-4B1A-BBAB-DBFF2F2DC2E2}"
EndProject
Project("{8BC9CEB8-8B4A-11D0-8D11-00A0C91BC942}") = "01_004_DWORD_SDWORD_DD", "01_004_DWORD_SDWORD_DD\01_004_DWORD_SDWORD_DD.vcxproj", "{07BAF228-B257-4974-9E90-35A7294B0131}"
EndProject
Project("{8BC9CEB8-8B4A-11D0-8D11-00A0C91BC942}") = "01_005_QWORD_SQWORD_DQ", "01_005_QWORD_SQWORD_DQ\01_005_QWORD_SQWORD_DQ.vcxproj", "{305A5915-AD4C-465C-B710-77C715D2E1D3}"
EndProject
Project("{8BC9CEB8-8B4A-11D0-8D11-00A0C91BC942}") = "01_006_FWORD_DF", "01_006_FWORD_DF\01_006_FWORD_DF.vcxproj", "{C1C93D2A-2981-473D-81DA-CD868F8CAE15}"
EndProject
Project("{8BC9CEB8-8B4A-11D0-8D11-00A0C91BC942}") = "01_007_TBYTE_DT", "01_007_TBYTE_DT\01_007_TBYTE_DT.vcxproj", "{EB0F0433-E99B-4786-A7CB-74435665EFEA}"
EndProject
Project("{8BC9CEB8-8B4A-11D0-8D11-00A0C91BC942}") = "01_008_OWORD", "01_008_OWORD_DO\01_008_OWORD_DO.vcxproj", "{F83CAFCF-9D0E-4093-BC49-01F4A280AF8D}"
EndProject
Project("{8BC9CEB8-8B4A-11D0-8D11-00A0C91BC942}") = "01_009_REAL4_REAL8_REAL10", "01_009_REAL4_REAL8_REAL10\01_009_REAL4_REAL8_REAL10.vcxproj", "{34A7F9A3-BA9E-4F75-9113-4885171C0E7F}"
EndProject
Project("{8BC9CEB8-8B4A-11D0-8D11-00A0C91BC942}") = "01_010_MMWORD", "01_010_MMWORD\01_010_MMWORD.vcxproj", "{440D4D47-8341-4A7D-B28A-A3899C0F8F90}"
EndProject
Project("{8BC9CEB8-8B4A-11D0-8D11-00A0C91BC942}") = "01_011_XMMWORD", "01_011_XMMWORD\01_011_XMMWORD.vcxproj", "{BDC8EA3F-8FFE-40DD-A283-8B7471086579}"
EndProject
Project("{8BC9CEB8-8B4A-11D0-8D11-00A0C91BC942}") = "01_012_YMMWORD", "01_012_YMMWORD\01_012_YMMWORD.vcxproj", "{F0F1351A-B671-4360-BC08-70544914FE5F}"
EndProject
Project("{8BC9CEB8-8B4A-11D0-8D11-00A0C91BC942}") = "01_013_ZMMWORD", "01_013_ZMMWORD\01_013_ZMMWORD.vcxproj", "{F616A209-271B-4E3A-A27F-764D7E7A2F3A}"
EndProject
Project("{8BC9CEB8-8B4A-11D0-8D11-00A0C91BC942}") = "01_014_Type_Aliases", "01_014_Type_Aliases\01_014_Type_Aliases.vcxproj", "{60C8C68A-398C-46BE-9EC8-053F09E41393}"
EndProject
Project("{8BC9CEB8-8B4A-11D0-8D11-00A0C91BC942}") = "01_015_Named_and_Anonymous_Labels", "01_015_Named_and_Anonymous_Labels\01_015_Named_and_Anonymous_Labels.vcxproj", "{6C3ED02B-0777-461A-B285-1EB99B2B869D}"
EndProject
Project("{8BC9CEB8-8B4A-11D0-8D11-00A0C91BC942}") = "01_016_Arrays", "01_016_Arrays\01_016_Arrays.vcxproj", "{5680D544-8E8D-4894-A844-4CF6B6D21675}"
EndProject
Project("{8BC9CEB8-8B4A-11D0-8D11-00A0C91BC942}") = "01_017_Text_Strings", "01_017_Text_Strings\01_017_Text_Strings.vcxproj", "{6C333889-54A2-4BE4-8AEF-AB22429589F8}"
EndProject
Project("{8BC9CEB8-8B4A-11D0-8D11-00A0C91BC942}") = "01_018_Structures", "01_018_Structures\01_018_Structures.vcxproj", "{EECAD0EF-497A-4C3E-A76A-72C1DEB9B995}"
EndProject
Project("{8BC9CEB8-8B4A-11D0-8D11-00A0C91BC942}") = "01_019_Unions", "01_019_Unions\01_019_Unions.vcxproj", "{62137B3A-9EBC-459E-BA01-A58260F33551}"
EndProject
Project("{8BC9CEB8-8B4A-11D0-8D11-00A0C91BC942}") = "01_020_Nested_Structures_and_Unions", "01_020_Nested_Structures_and_Unions\01_020_Nested_Structures_and_Unions.vcxproj", "{3FA0E149-8ECB-49F6-8E85-CBB7D1195397}"
EndProject
Project("{8BC9CEB8-8B4A-11D0-8D11-00A0C91BC942}") = "01_021_Procedures", "01_021_Procedures\01_021_Procedures.vcxproj", "{C7584343-1F2D-4690-AF94-CC4003C718FA}"
EndProject
Project("{8BC9CEB8-8B4A-11D0-8D11-00A0C91BC942}") = "01_022_Macros", "01_022_Macros\01_022_Macros.vcxproj", "{5F57400E-5914-412A-AF7B-B85A81ED5A38}"
EndProject
Project("{8BC9CEB8-8B4A-11D0-8D11-00A0C91BC942}") = "02_001_Data_Transfer", "02_001_Data_Transfer\02_001_Data_Transfer.vcxproj", "{DE06F00B-8E80-44A8-8CDB-AC5B12D0312A}"
EndProject
Project("{8BC9CEB8-8B4A-11D0-8D11-00A0C91BC942}") = "02_002_Arithmetic", "02_002_Arithmetic\02_002_Arithmetic.vcxproj", "{3B1A88A4-4DCD-4D8D-AB58-BC7D104AB626}"
EndProject
Project("{8BC9CEB8-8B4A-11D0-8D11-00A0C91BC942}") = "02_003_Logical", "02_003_Logical\02_003_Logical.vcxproj", "{0C507308-D349-4F53-B144-8064416427A2}"
EndProject
Project("{8BC9CEB8-8B4A-11D0-8D11-00A0C91BC942}") = "02_004_Shift_and_Rotate", "02_004_Shift_and_Rotate\02_004_Shift_and_Rotate.vcxproj", "{47E2A22E-0E4B-4D47-BA95-0269ACB912E3}"
EndProject
Project("{8BC9CEB8-8B4A-11D0-8D11-00A0C91BC942}") = "02_005_Control_Flow", "02_005_Control_Flow\02_005_Control_Flow.vcxproj", "{E93321A0-A860-4C62-9547-74E6A1818EF6}"
EndProject
Project("{8BC9CEB8-8B4A-11D0-8D11-00A0C91BC942}") = "02_006_Stack", "02_006_Stack\02_006_Stack.vcxproj", "{F0B66201-948D-41A4-A11A-18E4AA7F9456}"
EndProject
Project("{8BC9CEB8-8B4A-11D0-8D11-00A0C91BC942}") = "02_007_CPUID", "02_007_CPUID\02_007_CPUID.vcxproj", "{421AE732-DE5B-4019-93E2-BA2976A47C14}"
EndProject
Project("{8BC9CEB8-8B4A-11D0-8D11-00A0C91BC942}") = "02_008_Random_Numbers", "02_008_Random_Numbers\02_008_Random_Numbers.vcxproj", "{A753A39B-4FC3-474E-B6E6-5EBD18153BD2}"
EndProject
Project("{8BC9CEB8-8B4A-11D0-8D11-00A0C91BC942}") = "03_001_MMX_Data_Transfer", "03_001_MMX_Data_Transfer\03_001_MMX_Data_Transfer.vcxproj", "{BC0FA465-1396-4045-B22E-6FD26ED8CC0F}"
EndProject
Project("{8BC9CEB8-8B4A-11D0-8D11-00A0C91BC942}") = "01_002_BYTE_SBYTE_DB", "01_002_BYTE_SBYTE_DB\01_002_BYTE_SBYTE_DB.vcxproj", "{6B8A428D-7219-4FF2-8477-51EE731906A0}"
EndProject
Project("{8BC9CEB8-8B4A-11D0-8D11-00A0C91BC942}") = "02_009_Windows_API_Functions", "02_009_Windows_API_Functions\02_009_Windows_API_Functions.vcxproj", "{14A1630C-73B7-4F2B-8845-8360845F6CA0}"
EndProject
Project("{8BC9CEB8-8B4A-11D0-8D11-00A0C91BC942}") = "02_010_Applying_Code_Size_Optimizations", "02_010_Applying_Code_Size_Optimizations\02_010_Applying_Code_Size_Optimizations.vcxproj", "{E9E6E755-8F21-4138-96FD-BA1A899A48E6}"
EndProject
Project("{8BC9CEB8-8B4A-11D0-8D11-00A0C91BC942}") = "03_002_Learning_MMX_Packed_Arithmetic", "03_002_Learning_MMX_Packed_Arithmetic\03_002_Learning_MMX_Packed_Arithmetic.vcxproj", "{870D6C8F-6A32-4A10-85B7-9CED87E2F197}"
EndProject
Project("{8BC9CEB8-8B4A-11D0-8D11-00A0C91BC942}") = "03_003_Learning_MMX_Logical_and_Shift_Instructions", "03_003_Learning_MMX_Logical_and_Shift_Instructions\03_003_Learning_MMX_Logical_and_Shift_Instructions.vcxproj", "{1602A8FF-D4B6-4D96-9268-D4E534BE0EBD}"
EndProject
Project("{8BC9CEB8-8B4A-11D0-8D11-00A0C91BC942}") = "03_004_Learning_MMX_Comparison_Instructions", "03_004_Learning_MMX_Comparison_Instructions\03_004_Learning_MMX_Comparison_Instructions.vcxproj", "{10075F29-9D19-4457-9ACE-E80C5E963344}"
EndProject
Project("{8BC9CEB8-8B4A-11D0-8D11-00A0C91BC942}") = "04_001_SSE_Data_Transfer", "04_001_SSE_Data_Transfer\04_001_SSE_Data_Transfer.vcxproj", "{EF3BDAF9-EBF1-4A7D-9620-13D69E6D2CBF}"
EndProject
Project("{8BC9CEB8-8B4A-11D0-8D11-00A0C91BC942}") = "04_002_Understanding_Streaming_SIMD_Extensions", "04_002_Understanding_Streaming_SIMD_Extensions\04_002_Understanding_Streaming_SIMD_Extensions.vcxproj", "{8C2EB09C-7648-4526-821A-90C869C4758F}"
EndProject
Project("{8BC9CEB8-8B4A-11D0-8D11-00A0C91BC942}") = "05_001_Understanding_Advanced_Vector_eXtensions", "05_001_Understanding_Advanced_Vector_eXtensions\05_001_Understanding_Advanced_Vector_eXtensions.vcxproj", "{F102BA23-3BAE-4C1B-98C4-7A0114007C1E}"
EndProject
Project("{8BC9CEB8-8B4A-11D0-8D11-00A0C91BC942}") = "06_001_MSVCPP_MASM_Hybrid_Console", "06_001_MSVCPP_MASM_Hybrid_Console\06_001_MSVCPP_MASM_Hybrid_Console.vcxproj", "{A0993A9A-538C-4A04-9FAB-BA992463B819}"
EndProject
Project("{9A19103F-16F7-4668-BE54-9A1E7A4F7556}") = "07_001_MSVCS_MASM_Hybrid_Console", "07_001_MSVCS_MASM_Hybrid_Console\07_001_MSVCS_MASM_Hybrid_Console.csproj", "{0B5C6005-7CB9-4A65-8A02-568C188C53C6}"
	ProjectSection(ProjectDependencies) = postProject
		{D02FE4C7-8BBA-4E07-BCD1-C914BC8B7902} = {D02FE4C7-8BBA-4E07-BCD1-C914BC8B7902}
	EndProjectSection
EndProject
Project("{8BC9CEB8-8B4A-11D0-8D11-00A0C91BC942}") = "07_001_MASM_Library", "07_001_MASM_Library\07_001_MASM_Library.vcxproj", "{D02FE4C7-8BBA-4E07-BCD1-C914BC8B7902}"
EndProject
Project("{2150E333-8FDC-42A3-9474-1A3956D46DE8}") = "08_Self_Modifying_Code", "08_Self_Modifying_Code", "{02735D1A-C253-4E6C-82F7-40E830C00BBA}"
EndProject
Project("{2150E333-8FDC-42A3-9474-1A3956D46DE8}") = "09_SYSCALL_Instruction", "09_SYSCALL_Instruction", "{15F9F9B1-DA6E-4A50-BF03-868887A7DA91}"
EndProject
Project("{8BC9CEB8-8B4A-11D0-8D11-00A0C91BC942}") = "08_001_Self_Modifying_Code_Sample", "08_001_Self_Modifying_Code_Sample\08_001_Self_Modifying_Code_Sample.vcxproj", "{6983B782-DB47-42C8-877D-3724867B4444}"
EndProject
Project("{2150E333-8FDC-42A3-9474-1A3956D46DE8}") = "00_Laboratory", "00_Laboratory", "{05191684-2720-4493-A15B-F2FADEF2C3A8}"
EndProject
Project("{8BC9CEB8-8B4A-11D0-8D11-00A0C91BC942}") = "00_000_Experimental", "00_000_Experimental\00_000_Experimental.vcxproj", "{E878B491-C9E2-470E-8ECE-1799FC856F68}"
EndProject
Project("{8BC9CEB8-8B4A-11D0-8D11-00A0C91BC942}") = "00_001_Console_Experimental", "00_001_Console_Experimental\00_001_Console_Experimental.vcxproj", "{A55DE580-5F49-4D10-A790-D45098606D3D}"
EndProject
Project("{8BC9CEB8-8B4A-11D0-8D11-00A0C91BC942}") = "09_001_MSVCPP_Native_API_Example", "09_001_MSVCPP_Native_API_Example\09_001_MSVCPP_Native_API_Example.vcxproj", "{2DF1022A-64B7-4F44-B02B-6C5208121280}"
EndProject
Project("{8BC9CEB8-8B4A-11D0-8D11-00A0C91BC942}") = "09_002_MSVCPP_System_Call_Example", "09_002_MSVCPP_System_Call_Example\09_002_MSVCPP_System_Call_Example.vcxproj", "{9F695574-18B9-4598-86E1-49FF1DC60FAF}"
EndProject
Project("{8BC9CEB8-8B4A-11D0-8D11-00A0C91BC942}") = "06_002_MSVCPP_INTRINSICS", "06_002_MSVCPP_INTRINSICS\06_002_MSVCPP_INTRINSICS.vcxproj", "{E34742A2-B386-4AA4-B1AA-003AD86DAE1B}"
EndProject
Project("{8BC9CEB8-8B4A-11D0-8D11-00A0C91BC942}") = "05_002_Laboratory_XORing_Payload_with_AVX", "05_002_Laboratory_XORing_Payload_with_AVX\05_002_Laboratory_XORing_Payload_with_AVX.vcxproj", "{E28B7036-3CA4-41FF-9A0A-8E380FC53897}"
EndProject
Global
	GlobalSection(SolutionConfigurationPlatforms) = preSolution
		Debug|Any CPU = Debug|Any CPU
		Debug|x64 = Debug|x64
		Debug|x86 = Debug|x86
		Release|Any CPU = Release|Any CPU
		Release|x64 = Release|x64
		Release|x86 = Release|x86
	EndGlobalSection
	GlobalSection(ProjectConfigurationPlatforms) = postSolution
		{7C43283A-E59D-4778-989B-FBF362670D2D}.Debug|Any CPU.ActiveCfg = Debug|x64
		{7C43283A-E59D-4778-989B-FBF362670D2D}.Debug|Any CPU.Build.0 = Debug|x64
		{7C43283A-E59D-4778-989B-FBF362670D2D}.Debug|x64.ActiveCfg = Debug|x64
		{7C43283A-E59D-4778-989B-FBF362670D2D}.Debug|x64.Build.0 = Debug|x64
		{7C43283A-E59D-4778-989B-FBF362670D2D}.Debug|x86.ActiveCfg = Debug|Win32
		{7C43283A-E59D-4778-989B-FBF362670D2D}.Debug|x86.Build.0 = Debug|Win32
		{7C43283A-E59D-4778-989B-FBF362670D2D}.Release|Any CPU.ActiveCfg = Release|x64
		{7C43283A-E59D-4778-989B-FBF362670D2D}.Release|Any CPU.Build.0 = Release|x64
		{7C43283A-E59D-4778-989B-FBF362670D2D}.Release|x64.ActiveCfg = Release|x64
		{7C43283A-E59D-4778-989B-FBF362670D2D}.Release|x64.Build.0 = Release|x64
		{7C43283A-E59D-4778-989B-FBF362670D2D}.Release|x86.ActiveCfg = Release|Win32
		{7C43283A-E59D-4778-989B-FBF362670D2D}.Release|x86.Build.0 = Release|Win32
		{6E83E092-68EA-4B1A-BBAB-DBFF2F2DC2E2}.Debug|Any CPU.ActiveCfg = Debug|x64
		{6E83E092-68EA-4B1A-BBAB-DBFF2F2DC2E2}.Debug|Any CPU.Build.0 = Debug|x64
		{6E83E092-68EA-4B1A-BBAB-DBFF2F2DC2E2}.Debug|x64.ActiveCfg = Debug|x64
		{6E83E092-68EA-4B1A-BBAB-DBFF2F2DC2E2}.Debug|x64.Build.0 = Debug|x64
		{6E83E092-68EA-4B1A-BBAB-DBFF2F2DC2E2}.Debug|x86.ActiveCfg = Debug|Win32
		{6E83E092-68EA-4B1A-BBAB-DBFF2F2DC2E2}.Debug|x86.Build.0 = Debug|Win32
		{6E83E092-68EA-4B1A-BBAB-DBFF2F2DC2E2}.Release|Any CPU.ActiveCfg = Release|x64
		{6E83E092-68EA-4B1A-BBAB-DBFF2F2DC2E2}.Release|Any CPU.Build.0 = Release|x64
		{6E83E092-68EA-4B1A-BBAB-DBFF2F2DC2E2}.Release|x64.ActiveCfg = Release|x64
		{6E83E092-68EA-4B1A-BBAB-DBFF2F2DC2E2}.Release|x64.Build.0 = Release|x64
		{6E83E092-68EA-4B1A-BBAB-DBFF2F2DC2E2}.Release|x86.ActiveCfg = Release|Win32
		{6E83E092-68EA-4B1A-BBAB-DBFF2F2DC2E2}.Release|x86.Build.0 = Release|Win32
		{07BAF228-B257-4974-9E90-35A7294B0131}.Debug|Any CPU.ActiveCfg = Debug|x64
		{07BAF228-B257-4974-9E90-35A7294B0131}.Debug|Any CPU.Build.0 = Debug|x64
		{07BAF228-B257-4974-9E90-35A7294B0131}.Debug|x64.ActiveCfg = Debug|x64
		{07BAF228-B257-4974-9E90-35A7294B0131}.Debug|x64.Build.0 = Debug|x64
		{07BAF228-B257-4974-9E90-35A7294B0131}.Debug|x86.ActiveCfg = Debug|Win32
		{07BAF228-B257-4974-9E90-35A7294B0131}.Debug|x86.Build.0 = Debug|Win32
		{07BAF228-B257-4974-9E90-35A7294B0131}.Release|Any CPU.ActiveCfg = Release|x64
		{07BAF228-B257-4974-9E90-35A7294B0131}.Release|Any CPU.Build.0 = Release|x64
		{07BAF228-B257-4974-9E90-35A7294B0131}.Release|x64.ActiveCfg = Release|x64
		{07BAF228-B257-4974-9E90-35A7294B0131}.Release|x64.Build.0 = Release|x64
		{07BAF228-B257-4974-9E90-35A7294B0131}.Release|x86.ActiveCfg = Release|Win32
		{07BAF228-B257-4974-9E90-35A7294B0131}.Release|x86.Build.0 = Release|Win32
		{305A5915-AD4C-465C-B710-77C715D2E1D3}.Debug|Any CPU.ActiveCfg = Debug|x64
		{305A5915-AD4C-465C-B710-77C715D2E1D3}.Debug|Any CPU.Build.0 = Debug|x64
		{305A5915-AD4C-465C-B710-77C715D2E1D3}.Debug|x64.ActiveCfg = Debug|x64
		{305A5915-AD4C-465C-B710-77C715D2E1D3}.Debug|x64.Build.0 = Debug|x64
		{305A5915-AD4C-465C-B710-77C715D2E1D3}.Debug|x86.ActiveCfg = Debug|Win32
		{305A5915-AD4C-465C-B710-77C715D2E1D3}.Debug|x86.Build.0 = Debug|Win32
		{305A5915-AD4C-465C-B710-77C715D2E1D3}.Release|Any CPU.ActiveCfg = Release|x64
		{305A5915-AD4C-465C-B710-77C715D2E1D3}.Release|Any CPU.Build.0 = Release|x64
		{305A5915-AD4C-465C-B710-77C715D2E1D3}.Release|x64.ActiveCfg = Release|x64
		{305A5915-AD4C-465C-B710-77C715D2E1D3}.Release|x64.Build.0 = Release|x64
		{305A5915-AD4C-465C-B710-77C715D2E1D3}.Release|x86.ActiveCfg = Release|Win32
		{305A5915-AD4C-465C-B710-77C715D2E1D3}.Release|x86.Build.0 = Release|Win32
		{C1C93D2A-2981-473D-81DA-CD868F8CAE15}.Debug|Any CPU.ActiveCfg = Debug|x64
		{C1C93D2A-2981-473D-81DA-CD868F8CAE15}.Debug|Any CPU.Build.0 = Debug|x64
		{C1C93D2A-2981-473D-81DA-CD868F8CAE15}.Debug|x64.ActiveCfg = Debug|x64
		{C1C93D2A-2981-473D-81DA-CD868F8CAE15}.Debug|x64.Build.0 = Debug|x64
		{C1C93D2A-2981-473D-81DA-CD868F8CAE15}.Debug|x86.ActiveCfg = Debug|Win32
		{C1C93D2A-2981-473D-81DA-CD868F8CAE15}.Debug|x86.Build.0 = Debug|Win32
		{C1C93D2A-2981-473D-81DA-CD868F8CAE15}.Release|Any CPU.ActiveCfg = Release|x64
		{C1C93D2A-2981-473D-81DA-CD868F8CAE15}.Release|Any CPU.Build.0 = Release|x64
		{C1C93D2A-2981-473D-81DA-CD868F8CAE15}.Release|x64.ActiveCfg = Release|x64
		{C1C93D2A-2981-473D-81DA-CD868F8CAE15}.Release|x64.Build.0 = Release|x64
		{C1C93D2A-2981-473D-81DA-CD868F8CAE15}.Release|x86.ActiveCfg = Release|Win32
		{C1C93D2A-2981-473D-81DA-CD868F8CAE15}.Release|x86.Build.0 = Release|Win32
		{EB0F0433-E99B-4786-A7CB-74435665EFEA}.Debug|Any CPU.ActiveCfg = Debug|x64
		{EB0F0433-E99B-4786-A7CB-74435665EFEA}.Debug|Any CPU.Build.0 = Debug|x64
		{EB0F0433-E99B-4786-A7CB-74435665EFEA}.Debug|x64.ActiveCfg = Debug|x64
		{EB0F0433-E99B-4786-A7CB-74435665EFEA}.Debug|x64.Build.0 = Debug|x64
		{EB0F0433-E99B-4786-A7CB-74435665EFEA}.Debug|x86.ActiveCfg = Debug|Win32
		{EB0F0433-E99B-4786-A7CB-74435665EFEA}.Debug|x86.Build.0 = Debug|Win32
		{EB0F0433-E99B-4786-A7CB-74435665EFEA}.Release|Any CPU.ActiveCfg = Release|x64
		{EB0F0433-E99B-4786-A7CB-74435665EFEA}.Release|Any CPU.Build.0 = Release|x64
		{EB0F0433-E99B-4786-A7CB-74435665EFEA}.Release|x64.ActiveCfg = Release|x64
		{EB0F0433-E99B-4786-A7CB-74435665EFEA}.Release|x64.Build.0 = Release|x64
		{EB0F0433-E99B-4786-A7CB-74435665EFEA}.Release|x86.ActiveCfg = Release|Win32
		{EB0F0433-E99B-4786-A7CB-74435665EFEA}.Release|x86.Build.0 = Release|Win32
		{F83CAFCF-9D0E-4093-BC49-01F4A280AF8D}.Debug|Any CPU.ActiveCfg = Debug|x64
		{F83CAFCF-9D0E-4093-BC49-01F4A280AF8D}.Debug|Any CPU.Build.0 = Debug|x64
		{F83CAFCF-9D0E-4093-BC49-01F4A280AF8D}.Debug|x64.ActiveCfg = Debug|x64
		{F83CAFCF-9D0E-4093-BC49-01F4A280AF8D}.Debug|x64.Build.0 = Debug|x64
		{F83CAFCF-9D0E-4093-BC49-01F4A280AF8D}.Debug|x86.ActiveCfg = Debug|Win32
		{F83CAFCF-9D0E-4093-BC49-01F4A280AF8D}.Debug|x86.Build.0 = Debug|Win32
		{F83CAFCF-9D0E-4093-BC49-01F4A280AF8D}.Release|Any CPU.ActiveCfg = Release|x64
		{F83CAFCF-9D0E-4093-BC49-01F4A280AF8D}.Release|Any CPU.Build.0 = Release|x64
		{F83CAFCF-9D0E-4093-BC49-01F4A280AF8D}.Release|x64.ActiveCfg = Release|x64
		{F83CAFCF-9D0E-4093-BC49-01F4A280AF8D}.Release|x64.Build.0 = Release|x64
		{F83CAFCF-9D0E-4093-BC49-01F4A280AF8D}.Release|x86.ActiveCfg = Release|Win32
		{F83CAFCF-9D0E-4093-BC49-01F4A280AF8D}.Release|x86.Build.0 = Release|Win32
		{34A7F9A3-BA9E-4F75-9113-4885171C0E7F}.Debug|Any CPU.ActiveCfg = Debug|x64
		{34A7F9A3-BA9E-4F75-9113-4885171C0E7F}.Debug|Any CPU.Build.0 = Debug|x64
		{34A7F9A3-BA9E-4F75-9113-4885171C0E7F}.Debug|x64.ActiveCfg = Debug|x64
		{34A7F9A3-BA9E-4F75-9113-4885171C0E7F}.Debug|x64.Build.0 = Debug|x64
		{34A7F9A3-BA9E-4F75-9113-4885171C0E7F}.Debug|x86.ActiveCfg = Debug|Win32
		{34A7F9A3-BA9E-4F75-9113-4885171C0E7F}.Debug|x86.Build.0 = Debug|Win32
		{34A7F9A3-BA9E-4F75-9113-4885171C0E7F}.Release|Any CPU.ActiveCfg = Release|x64
		{34A7F9A3-BA9E-4F75-9113-4885171C0E7F}.Release|Any CPU.Build.0 = Release|x64
		{34A7F9A3-BA9E-4F75-9113-4885171C0E7F}.Release|x64.ActiveCfg = Release|x64
		{34A7F9A3-BA9E-4F75-9113-4885171C0E7F}.Release|x64.Build.0 = Release|x64
		{34A7F9A3-BA9E-4F75-9113-4885171C0E7F}.Release|x86.ActiveCfg = Release|Win32
		{34A7F9A3-BA9E-4F75-9113-4885171C0E7F}.Release|x86.Build.0 = Release|Win32
		{440D4D47-8341-4A7D-B28A-A3899C0F8F90}.Debug|Any CPU.ActiveCfg = Debug|x64
		{440D4D47-8341-4A7D-B28A-A3899C0F8F90}.Debug|Any CPU.Build.0 = Debug|x64
		{440D4D47-8341-4A7D-B28A-A3899C0F8F90}.Debug|x64.ActiveCfg = Debug|x64
		{440D4D47-8341-4A7D-B28A-A3899C0F8F90}.Debug|x64.Build.0 = Debug|x64
		{440D4D47-8341-4A7D-B28A-A3899C0F8F90}.Debug|x86.ActiveCfg = Debug|Win32
		{440D4D47-8341-4A7D-B28A-A3899C0F8F90}.Debug|x86.Build.0 = Debug|Win32
		{440D4D47-8341-4A7D-B28A-A3899C0F8F90}.Release|Any CPU.ActiveCfg = Release|x64
		{440D4D47-8341-4A7D-B28A-A3899C0F8F90}.Release|Any CPU.Build.0 = Release|x64
		{440D4D47-8341-4A7D-B28A-A3899C0F8F90}.Release|x64.ActiveCfg = Release|x64
		{440D4D47-8341-4A7D-B28A-A3899C0F8F90}.Release|x64.Build.0 = Release|x64
		{440D4D47-8341-4A7D-B28A-A3899C0F8F90}.Release|x86.ActiveCfg = Release|Win32
		{440D4D47-8341-4A7D-B28A-A3899C0F8F90}.Release|x86.Build.0 = Release|Win32
		{BDC8EA3F-8FFE-40DD-A283-8B7471086579}.Debug|Any CPU.ActiveCfg = Debug|x64
		{BDC8EA3F-8FFE-40DD-A283-8B7471086579}.Debug|Any CPU.Build.0 = Debug|x64
		{BDC8EA3F-8FFE-40DD-A283-8B7471086579}.Debug|x64.ActiveCfg = Debug|x64
		{BDC8EA3F-8FFE-40DD-A283-8B7471086579}.Debug|x64.Build.0 = Debug|x64
		{BDC8EA3F-8FFE-40DD-A283-8B7471086579}.Debug|x86.ActiveCfg = Debug|Win32
		{BDC8EA3F-8FFE-40DD-A283-8B7471086579}.Debug|x86.Build.0 = Debug|Win32
		{BDC8EA3F-8FFE-40DD-A283-8B7471086579}.Release|Any CPU.ActiveCfg = Release|x64
		{BDC8EA3F-8FFE-40DD-A283-8B7471086579}.Release|Any CPU.Build.0 = Release|x64
		{BDC8EA3F-8FFE-40DD-A283-8B7471086579}.Release|x64.ActiveCfg = Release|x64
		{BDC8EA3F-8FFE-40DD-A283-8B7471086579}.Release|x64.Build.0 = Release|x64
		{BDC8EA3F-8FFE-40DD-A283-8B7471086579}.Release|x86.ActiveCfg = Release|Win32
		{BDC8EA3F-8FFE-40DD-A283-8B7471086579}.Release|x86.Build.0 = Release|Win32
		{F0F1351A-B671-4360-BC08-70544914FE5F}.Debug|Any CPU.ActiveCfg = Debug|x64
		{F0F1351A-B671-4360-BC08-70544914FE5F}.Debug|Any CPU.Build.0 = Debug|x64
		{F0F1351A-B671-4360-BC08-70544914FE5F}.Debug|x64.ActiveCfg = Debug|x64
		{F0F1351A-B671-4360-BC08-70544914FE5F}.Debug|x64.Build.0 = Debug|x64
		{F0F1351A-B671-4360-BC08-70544914FE5F}.Debug|x86.ActiveCfg = Debug|Win32
		{F0F1351A-B671-4360-BC08-70544914FE5F}.Debug|x86.Build.0 = Debug|Win32
		{F0F1351A-B671-4360-BC08-70544914FE5F}.Release|Any CPU.ActiveCfg = Release|x64
		{F0F1351A-B671-4360-BC08-70544914FE5F}.Release|Any CPU.Build.0 = Release|x64
		{F0F1351A-B671-4360-BC08-70544914FE5F}.Release|x64.ActiveCfg = Release|x64
		{F0F1351A-B671-4360-BC08-70544914FE5F}.Release|x64.Build.0 = Release|x64
		{F0F1351A-B671-4360-BC08-70544914FE5F}.Release|x86.ActiveCfg = Release|Win32
		{F0F1351A-B671-4360-BC08-70544914FE5F}.Release|x86.Build.0 = Release|Win32
		{F616A209-271B-4E3A-A27F-764D7E7A2F3A}.Debug|Any CPU.ActiveCfg = Debug|x64
		{F616A209-271B-4E3A-A27F-764D7E7A2F3A}.Debug|Any CPU.Build.0 = Debug|x64
		{F616A209-271B-4E3A-A27F-764D7E7A2F3A}.Debug|x64.ActiveCfg = Debug|x64
		{F616A209-271B-4E3A-A27F-764D7E7A2F3A}.Debug|x64.Build.0 = Debug|x64
		{F616A209-271B-4E3A-A27F-764D7E7A2F3A}.Debug|x86.ActiveCfg = Debug|Win32
		{F616A209-271B-4E3A-A27F-764D7E7A2F3A}.Debug|x86.Build.0 = Debug|Win32
		{F616A209-271B-4E3A-A27F-764D7E7A2F3A}.Release|Any CPU.ActiveCfg = Release|x64
		{F616A209-271B-4E3A-A27F-764D7E7A2F3A}.Release|Any CPU.Build.0 = Release|x64
		{F616A209-271B-4E3A-A27F-764D7E7A2F3A}.Release|x64.ActiveCfg = Release|x64
		{F616A209-271B-4E3A-A27F-764D7E7A2F3A}.Release|x64.Build.0 = Release|x64
		{F616A209-271B-4E3A-A27F-764D7E7A2F3A}.Release|x86.ActiveCfg = Release|Win32
		{F616A209-271B-4E3A-A27F-764D7E7A2F3A}.Release|x86.Build.0 = Release|Win32
		{60C8C68A-398C-46BE-9EC8-053F09E41393}.Debug|Any CPU.ActiveCfg = Debug|x64
		{60C8C68A-398C-46BE-9EC8-053F09E41393}.Debug|Any CPU.Build.0 = Debug|x64
		{60C8C68A-398C-46BE-9EC8-053F09E41393}.Debug|x64.ActiveCfg = Debug|x64
		{60C8C68A-398C-46BE-9EC8-053F09E41393}.Debug|x64.Build.0 = Debug|x64
		{60C8C68A-398C-46BE-9EC8-053F09E41393}.Debug|x86.ActiveCfg = Debug|Win32
		{60C8C68A-398C-46BE-9EC8-053F09E41393}.Debug|x86.Build.0 = Debug|Win32
		{60C8C68A-398C-46BE-9EC8-053F09E41393}.Release|Any CPU.ActiveCfg = Release|x64
		{60C8C68A-398C-46BE-9EC8-053F09E41393}.Release|Any CPU.Build.0 = Release|x64
		{60C8C68A-398C-46BE-9EC8-053F09E41393}.Release|x64.ActiveCfg = Release|x64
		{60C8C68A-398C-46BE-9EC8-053F09E41393}.Release|x64.Build.0 = Release|x64
		{60C8C68A-398C-46BE-9EC8-053F09E41393}.Release|x86.ActiveCfg = Release|Win32
		{60C8C68A-398C-46BE-9EC8-053F09E41393}.Release|x86.Build.0 = Release|Win32
		{6C3ED02B-0777-461A-B285-1EB99B2B869D}.Debug|Any CPU.ActiveCfg = Debug|x64
		{6C3ED02B-0777-461A-B285-1EB99B2B869D}.Debug|Any CPU.Build.0 = Debug|x64
		{6C3ED02B-0777-461A-B285-1EB99B2B869D}.Debug|x64.ActiveCfg = Debug|x64
		{6C3ED02B-0777-461A-B285-1EB99B2B869D}.Debug|x64.Build.0 = Debug|x64
		{6C3ED02B-0777-461A-B285-1EB99B2B869D}.Debug|x86.ActiveCfg = Debug|Win32
		{6C3ED02B-0777-461A-B285-1EB99B2B869D}.Debug|x86.Build.0 = Debug|Win32
		{6C3ED02B-0777-461A-B285-1EB99B2B869D}.Release|Any CPU.ActiveCfg = Release|x64
		{6C3ED02B-0777-461A-B285-1EB99B2B869D}.Release|Any CPU.Build.0 = Release|x64
		{6C3ED02B-0777-461A-B285-1EB99B2B869D}.Release|x64.ActiveCfg = Release|x64
		{6C3ED02B-0777-461A-B285-1EB99B2B869D}.Release|x64.Build.0 = Release|x64
		{6C3ED02B-0777-461A-B285-1EB99B2B869D}.Release|x86.ActiveCfg = Release|Win32
		{6C3ED02B-0777-461A-B285-1EB99B2B869D}.Release|x86.Build.0 = Release|Win32
		{5680D544-8E8D-4894-A844-4CF6B6D21675}.Debug|Any CPU.ActiveCfg = Debug|x64
		{5680D544-8E8D-4894-A844-4CF6B6D21675}.Debug|Any CPU.Build.0 = Debug|x64
		{5680D544-8E8D-4894-A844-4CF6B6D21675}.Debug|x64.ActiveCfg = Debug|x64
		{5680D544-8E8D-4894-A844-4CF6B6D21675}.Debug|x64.Build.0 = Debug|x64
		{5680D544-8E8D-4894-A844-4CF6B6D21675}.Debug|x86.ActiveCfg = Debug|Win32
		{5680D544-8E8D-4894-A844-4CF6B6D21675}.Debug|x86.Build.0 = Debug|Win32
		{5680D544-8E8D-4894-A844-4CF6B6D21675}.Release|Any CPU.ActiveCfg = Release|x64
		{5680D544-8E8D-4894-A844-4CF6B6D21675}.Release|Any CPU.Build.0 = Release|x64
		{5680D544-8E8D-4894-A844-4CF6B6D21675}.Release|x64.ActiveCfg = Release|x64
		{5680D544-8E8D-4894-A844-4CF6B6D21675}.Release|x64.Build.0 = Release|x64
		{5680D544-8E8D-4894-A844-4CF6B6D21675}.Release|x86.ActiveCfg = Release|Win32
		{5680D544-8E8D-4894-A844-4CF6B6D21675}.Release|x86.Build.0 = Release|Win32
		{6C333889-54A2-4BE4-8AEF-AB22429589F8}.Debug|Any CPU.ActiveCfg = Debug|x64
		{6C333889-54A2-4BE4-8AEF-AB22429589F8}.Debug|Any CPU.Build.0 = Debug|x64
		{6C333889-54A2-4BE4-8AEF-AB22429589F8}.Debug|x64.ActiveCfg = Debug|x64
		{6C333889-54A2-4BE4-8AEF-AB22429589F8}.Debug|x64.Build.0 = Debug|x64
		{6C333889-54A2-4BE4-8AEF-AB22429589F8}.Debug|x86.ActiveCfg = Debug|Win32
		{6C333889-54A2-4BE4-8AEF-AB22429589F8}.Debug|x86.Build.0 = Debug|Win32
		{6C333889-54A2-4BE4-8AEF-AB22429589F8}.Release|Any CPU.ActiveCfg = Release|x64
		{6C333889-54A2-4BE4-8AEF-AB22429589F8}.Release|Any CPU.Build.0 = Release|x64
		{6C333889-54A2-4BE4-8AEF-AB22429589F8}.Release|x64.ActiveCfg = Release|x64
		{6C333889-54A2-4BE4-8AEF-AB22429589F8}.Release|x64.Build.0 = Release|x64
		{6C333889-54A2-4BE4-8AEF-AB22429589F8}.Release|x86.ActiveCfg = Release|Win32
		{6C333889-54A2-4BE4-8AEF-AB22429589F8}.Release|x86.Build.0 = Release|Win32
		{EECAD0EF-497A-4C3E-A76A-72C1DEB9B995}.Debug|Any CPU.ActiveCfg = Debug|x64
		{EECAD0EF-497A-4C3E-A76A-72C1DEB9B995}.Debug|Any CPU.Build.0 = Debug|x64
		{EECAD0EF-497A-4C3E-A76A-72C1DEB9B995}.Debug|x64.ActiveCfg = Debug|x64
		{EECAD0EF-497A-4C3E-A76A-72C1DEB9B995}.Debug|x64.Build.0 = Debug|x64
		{EECAD0EF-497A-4C3E-A76A-72C1DEB9B995}.Debug|x86.ActiveCfg = Debug|Win32
		{EECAD0EF-497A-4C3E-A76A-72C1DEB9B995}.Debug|x86.Build.0 = Debug|Win32
		{EECAD0EF-497A-4C3E-A76A-72C1DEB9B995}.Release|Any CPU.ActiveCfg = Release|x64
		{EECAD0EF-497A-4C3E-A76A-72C1DEB9B995}.Release|Any CPU.Build.0 = Release|x64
		{EECAD0EF-497A-4C3E-A76A-72C1DEB9B995}.Release|x64.ActiveCfg = Release|x64
		{EECAD0EF-497A-4C3E-A76A-72C1DEB9B995}.Release|x64.Build.0 = Release|x64
		{EECAD0EF-497A-4C3E-A76A-72C1DEB9B995}.Release|x86.ActiveCfg = Release|Win32
		{EECAD0EF-497A-4C3E-A76A-72C1DEB9B995}.Release|x86.Build.0 = Release|Win32
		{62137B3A-9EBC-459E-BA01-A58260F33551}.Debug|Any CPU.ActiveCfg = Debug|x64
		{62137B3A-9EBC-459E-BA01-A58260F33551}.Debug|Any CPU.Build.0 = Debug|x64
		{62137B3A-9EBC-459E-BA01-A58260F33551}.Debug|x64.ActiveCfg = Debug|x64
		{62137B3A-9EBC-459E-BA01-A58260F33551}.Debug|x64.Build.0 = Debug|x64
		{62137B3A-9EBC-459E-BA01-A58260F33551}.Debug|x86.ActiveCfg = Debug|Win32
		{62137B3A-9EBC-459E-BA01-A58260F33551}.Debug|x86.Build.0 = Debug|Win32
		{62137B3A-9EBC-459E-BA01-A58260F33551}.Release|Any CPU.ActiveCfg = Release|x64
		{62137B3A-9EBC-459E-BA01-A58260F33551}.Release|Any CPU.Build.0 = Release|x64
		{62137B3A-9EBC-459E-BA01-A58260F33551}.Release|x64.ActiveCfg = Release|x64
		{62137B3A-9EBC-459E-BA01-A58260F33551}.Release|x64.Build.0 = Release|x64
		{62137B3A-9EBC-459E-BA01-A58260F33551}.Release|x86.ActiveCfg = Release|Win32
		{62137B3A-9EBC-459E-BA01-A58260F33551}.Release|x86.Build.0 = Release|Win32
		{3FA0E149-8ECB-49F6-8E85-CBB7D1195397}.Debug|Any CPU.ActiveCfg = Debug|x64
		{3FA0E149-8ECB-49F6-8E85-CBB7D1195397}.Debug|Any CPU.Build.0 = Debug|x64
		{3FA0E149-8ECB-49F6-8E85-CBB7D1195397}.Debug|x64.ActiveCfg = Debug|x64
		{3FA0E149-8ECB-49F6-8E85-CBB7D1195397}.Debug|x64.Build.0 = Debug|x64
		{3FA0E149-8ECB-49F6-8E85-CBB7D1195397}.Debug|x86.ActiveCfg = Debug|Win32
		{3FA0E149-8ECB-49F6-8E85-CBB7D1195397}.Debug|x86.Build.0 = Debug|Win32
		{3FA0E149-8ECB-49F6-8E85-CBB7D1195397}.Release|Any CPU.ActiveCfg = Release|x64
		{3FA0E149-8ECB-49F6-8E85-CBB7D1195397}.Release|Any CPU.Build.0 = Release|x64
		{3FA0E149-8ECB-49F6-8E85-CBB7D1195397}.Release|x64.ActiveCfg = Release|x64
		{3FA0E149-8ECB-49F6-8E85-CBB7D1195397}.Release|x64.Build.0 = Release|x64
		{3FA0E149-8ECB-49F6-8E85-CBB7D1195397}.Release|x86.ActiveCfg = Release|Win32
		{3FA0E149-8ECB-49F6-8E85-CBB7D1195397}.Release|x86.Build.0 = Release|Win32
		{C7584343-1F2D-4690-AF94-CC4003C718FA}.Debug|Any CPU.ActiveCfg = Debug|x64
		{C7584343-1F2D-4690-AF94-CC4003C718FA}.Debug|Any CPU.Build.0 = Debug|x64
		{C7584343-1F2D-4690-AF94-CC4003C718FA}.Debug|x64.ActiveCfg = Debug|x64
		{C7584343-1F2D-4690-AF94-CC4003C718FA}.Debug|x64.Build.0 = Debug|x64
		{C7584343-1F2D-4690-AF94-CC4003C718FA}.Debug|x86.ActiveCfg = Debug|Win32
		{C7584343-1F2D-4690-AF94-CC4003C718FA}.Debug|x86.Build.0 = Debug|Win32
		{C7584343-1F2D-4690-AF94-CC4003C718FA}.Release|Any CPU.ActiveCfg = Release|x64
		{C7584343-1F2D-4690-AF94-CC4003C718FA}.Release|Any CPU.Build.0 = Release|x64
		{C7584343-1F2D-4690-AF94-CC4003C718FA}.Release|x64.ActiveCfg = Release|x64
		{C7584343-1F2D-4690-AF94-CC4003C718FA}.Release|x64.Build.0 = Release|x64
		{C7584343-1F2D-4690-AF94-CC4003C718FA}.Release|x86.ActiveCfg = Release|Win32
		{C7584343-1F2D-4690-AF94-CC4003C718FA}.Release|x86.Build.0 = Release|Win32
		{5F57400E-5914-412A-AF7B-B85A81ED5A38}.Debug|Any CPU.ActiveCfg = Debug|x64
		{5F57400E-5914-412A-AF7B-B85A81ED5A38}.Debug|Any CPU.Build.0 = Debug|x64
		{5F57400E-5914-412A-AF7B-B85A81ED5A38}.Debug|x64.ActiveCfg = Debug|x64
		{5F57400E-5914-412A-AF7B-B85A81ED5A38}.Debug|x64.Build.0 = Debug|x64
		{5F57400E-5914-412A-AF7B-B85A81ED5A38}.Debug|x86.ActiveCfg = Debug|Win32
		{5F57400E-5914-412A-AF7B-B85A81ED5A38}.Debug|x86.Build.0 = Debug|Win32
		{5F57400E-5914-412A-AF7B-B85A81ED5A38}.Release|Any CPU.ActiveCfg = Release|x64
		{5F57400E-5914-412A-AF7B-B85A81ED5A38}.Release|Any CPU.Build.0 = Release|x64
		{5F57400E-5914-412A-AF7B-B85A81ED5A38}.Release|x64.ActiveCfg = Release|x64
		{5F57400E-5914-412A-AF7B-B85A81ED5A38}.Release|x64.Build.0 = Release|x64
		{5F57400E-5914-412A-AF7B-B85A81ED5A38}.Release|x86.ActiveCfg = Release|Win32
		{5F57400E-5914-412A-AF7B-B85A81ED5A38}.Release|x86.Build.0 = Release|Win32
		{DE06F00B-8E80-44A8-8CDB-AC5B12D0312A}.Debug|Any CPU.ActiveCfg = Debug|x64
		{DE06F00B-8E80-44A8-8CDB-AC5B12D0312A}.Debug|Any CPU.Build.0 = Debug|x64
		{DE06F00B-8E80-44A8-8CDB-AC5B12D0312A}.Debug|x64.ActiveCfg = Debug|x64
		{DE06F00B-8E80-44A8-8CDB-AC5B12D0312A}.Debug|x64.Build.0 = Debug|x64
		{DE06F00B-8E80-44A8-8CDB-AC5B12D0312A}.Debug|x86.ActiveCfg = Debug|Win32
		{DE06F00B-8E80-44A8-8CDB-AC5B12D0312A}.Debug|x86.Build.0 = Debug|Win32
		{DE06F00B-8E80-44A8-8CDB-AC5B12D0312A}.Release|Any CPU.ActiveCfg = Release|x64
		{DE06F00B-8E80-44A8-8CDB-AC5B12D0312A}.Release|Any CPU.Build.0 = Release|x64
		{DE06F00B-8E80-44A8-8CDB-AC5B12D0312A}.Release|x64.ActiveCfg = Release|x64
		{DE06F00B-8E80-44A8-8CDB-AC5B12D0312A}.Release|x64.Build.0 = Release|x64
		{DE06F00B-8E80-44A8-8CDB-AC5B12D0312A}.Release|x86.ActiveCfg = Release|Win32
		{DE06F00B-8E80-44A8-8CDB-AC5B12D0312A}.Release|x86.Build.0 = Release|Win32
		{3B1A88A4-4DCD-4D8D-AB58-BC7D104AB626}.Debug|Any CPU.ActiveCfg = Debug|x64
		{3B1A88A4-4DCD-4D8D-AB58-BC7D104AB626}.Debug|Any CPU.Build.0 = Debug|x64
		{3B1A88A4-4DCD-4D8D-AB58-BC7D104AB626}.Debug|x64.ActiveCfg = Debug|x64
		{3B1A88A4-4DCD-4D8D-AB58-BC7D104AB626}.Debug|x64.Build.0 = Debug|x64
		{3B1A88A4-4DCD-4D8D-AB58-BC7D104AB626}.Debug|x86.ActiveCfg = Debug|Win32
		{3B1A88A4-4DCD-4D8D-AB58-BC7D104AB626}.Debug|x86.Build.0 = Debug|Win32
		{3B1A88A4-4DCD-4D8D-AB58-BC7D104AB626}.Release|Any CPU.ActiveCfg = Release|x64
		{3B1A88A4-4DCD-4D8D-AB58-BC7D104AB626}.Release|Any CPU.Build.0 = Release|x64
		{3B1A88A4-4DCD-4D8D-AB58-BC7D104AB626}.Release|x64.ActiveCfg = Release|x64
		{3B1A88A4-4DCD-4D8D-AB58-BC7D104AB626}.Release|x64.Build.0 = Release|x64
		{3B1A88A4-4DCD-4D8D-AB58-BC7D104AB626}.Release|x86.ActiveCfg = Release|Win32
		{3B1A88A4-4DCD-4D8D-AB58-BC7D104AB626}.Release|x86.Build.0 = Release|Win32
		{0C507308-D349-4F53-B144-8064416427A2}.Debug|Any CPU.ActiveCfg = Debug|x64
		{0C507308-D349-4F53-B144-8064416427A2}.Debug|Any CPU.Build.0 = Debug|x64
		{0C507308-D349-4F53-B144-8064416427A2}.Debug|x64.ActiveCfg = Debug|x64
		{0C507308-D349-4F53-B144-8064416427A2}.Debug|x64.Build.0 = Debug|x64
		{0C507308-D349-4F53-B144-8064416427A2}.Debug|x86.ActiveCfg = Debug|Win32
		{0C507308-D349-4F53-B144-8064416427A2}.Debug|x86.Build.0 = Debug|Win32
		{0C507308-D349-4F53-B144-8064416427A2}.Release|Any CPU.ActiveCfg = Release|x64
		{0C507308-D349-4F53-B144-8064416427A2}.Release|Any CPU.Build.0 = Release|x64
		{0C507308-D349-4F53-B144-8064416427A2}.Release|x64.ActiveCfg = Release|x64
		{0C507308-D349-4F53-B144-8064416427A2}.Release|x64.Build.0 = Release|x64
		{0C507308-D349-4F53-B144-8064416427A2}.Release|x86.ActiveCfg = Release|Win32
		{0C507308-D349-4F53-B144-8064416427A2}.Release|x86.Build.0 = Release|Win32
		{47E2A22E-0E4B-4D47-BA95-0269ACB912E3}.Debug|Any CPU.ActiveCfg = Debug|x64
		{47E2A22E-0E4B-4D47-BA95-0269ACB912E3}.Debug|Any CPU.Build.0 = Debug|x64
		{47E2A22E-0E4B-4D47-BA95-0269ACB912E3}.Debug|x64.ActiveCfg = Debug|x64
		{47E2A22E-0E4B-4D47-BA95-0269ACB912E3}.Debug|x64.Build.0 = Debug|x64
		{47E2A22E-0E4B-4D47-BA95-0269ACB912E3}.Debug|x86.ActiveCfg = Debug|Win32
		{47E2A22E-0E4B-4D47-BA95-0269ACB912E3}.Debug|x86.Build.0 = Debug|Win32
		{47E2A22E-0E4B-4D47-BA95-0269ACB912E3}.Release|Any CPU.ActiveCfg = Release|x64
		{47E2A22E-0E4B-4D47-BA95-0269ACB912E3}.Release|Any CPU.Build.0 = Release|x64
		{47E2A22E-0E4B-4D47-BA95-0269ACB912E3}.Release|x64.ActiveCfg = Release|x64
		{47E2A22E-0E4B-4D47-BA95-0269ACB912E3}.Release|x64.Build.0 = Release|x64
		{47E2A22E-0E4B-4D47-BA95-0269ACB912E3}.Release|x86.ActiveCfg = Release|Win32
		{47E2A22E-0E4B-4D47-BA95-0269ACB912E3}.Release|x86.Build.0 = Release|Win32
		{E93321A0-A860-4C62-9547-74E6A1818EF6}.Debug|Any CPU.ActiveCfg = Debug|x64
		{E93321A0-A860-4C62-9547-74E6A1818EF6}.Debug|Any CPU.Build.0 = Debug|x64
		{E93321A0-A860-4C62-9547-74E6A1818EF6}.Debug|x64.ActiveCfg = Debug|x64
		{E93321A0-A860-4C62-9547-74E6A1818EF6}.Debug|x64.Build.0 = Debug|x64
		{E93321A0-A860-4C62-9547-74E6A1818EF6}.Debug|x86.ActiveCfg = Debug|Win32
		{E93321A0-A860-4C62-9547-74E6A1818EF6}.Debug|x86.Build.0 = Debug|Win32
		{E93321A0-A860-4C62-9547-74E6A1818EF6}.Release|Any CPU.ActiveCfg = Release|x64
		{E93321A0-A860-4C62-9547-74E6A1818EF6}.Release|Any CPU.Build.0 = Release|x64
		{E93321A0-A860-4C62-9547-74E6A1818EF6}.Release|x64.ActiveCfg = Release|x64
		{E93321A0-A860-4C62-9547-74E6A1818EF6}.Release|x64.Build.0 = Release|x64
		{E93321A0-A860-4C62-9547-74E6A1818EF6}.Release|x86.ActiveCfg = Release|Win32
		{E93321A0-A860-4C62-9547-74E6A1818EF6}.Release|x86.Build.0 = Release|Win32
		{F0B66201-948D-41A4-A11A-18E4AA7F9456}.Debug|Any CPU.ActiveCfg = Debug|x64
		{F0B66201-948D-41A4-A11A-18E4AA7F9456}.Debug|Any CPU.Build.0 = Debug|x64
		{F0B66201-948D-41A4-A11A-18E4AA7F9456}.Debug|x64.ActiveCfg = Debug|x64
		{F0B66201-948D-41A4-A11A-18E4AA7F9456}.Debug|x64.Build.0 = Debug|x64
		{F0B66201-948D-41A4-A11A-18E4AA7F9456}.Debug|x86.ActiveCfg = Debug|Win32
		{F0B66201-948D-41A4-A11A-18E4AA7F9456}.Debug|x86.Build.0 = Debug|Win32
		{F0B66201-948D-41A4-A11A-18E4AA7F9456}.Release|Any CPU.ActiveCfg = Release|x64
		{F0B66201-948D-41A4-A11A-18E4AA7F9456}.Release|Any CPU.Build.0 = Release|x64
		{F0B66201-948D-41A4-A11A-18E4AA7F9456}.Release|x64.ActiveCfg = Release|x64
		{F0B66201-948D-41A4-A11A-18E4AA7F9456}.Release|x64.Build.0 = Release|x64
		{F0B66201-948D-41A4-A11A-18E4AA7F9456}.Release|x86.ActiveCfg = Release|Win32
		{F0B66201-948D-41A4-A11A-18E4AA7F9456}.Release|x86.Build.0 = Release|Win32
		{421AE732-DE5B-4019-93E2-BA2976A47C14}.Debug|Any CPU.ActiveCfg = Debug|x64
		{421AE732-DE5B-4019-93E2-BA2976A47C14}.Debug|Any CPU.Build.0 = Debug|x64
		{421AE732-DE5B-4019-93E2-BA2976A47C14}.Debug|x64.ActiveCfg = Debug|x64
		{421AE732-DE5B-4019-93E2-BA2976A47C14}.Debug|x64.Build.0 = Debug|x64
		{421AE732-DE5B-4019-93E2-BA2976A47C14}.Debug|x86.ActiveCfg = Debug|Win32
		{421AE732-DE5B-4019-93E2-BA2976A47C14}.Debug|x86.Build.0 = Debug|Win32
		{421AE732-DE5B-4019-93E2-BA2976A47C14}.Release|Any CPU.ActiveCfg = Release|x64
		{421AE732-DE5B-4019-93E2-BA2976A47C14}.Release|Any CPU.Build.0 = Release|x64
		{421AE732-DE5B-4019-93E2-BA2976A47C14}.Release|x64.ActiveCfg = Release|x64
		{421AE732-DE5B-4019-93E2-BA2976A47C14}.Release|x64.Build.0 = Release|x64
		{421AE732-DE5B-4019-93E2-BA2976A47C14}.Release|x86.ActiveCfg = Release|Win32
		{421AE732-DE5B-4019-93E2-BA2976A47C14}.Release|x86.Build.0 = Release|Win32
		{A753A39B-4FC3-474E-B6E6-5EBD18153BD2}.Debug|Any CPU.ActiveCfg = Debug|x64
		{A753A39B-4FC3-474E-B6E6-5EBD18153BD2}.Debug|Any CPU.Build.0 = Debug|x64
		{A753A39B-4FC3-474E-B6E6-5EBD18153BD2}.Debug|x64.ActiveCfg = Debug|x64
		{A753A39B-4FC3-474E-B6E6-5EBD18153BD2}.Debug|x64.Build.0 = Debug|x64
		{A753A39B-4FC3-474E-B6E6-5EBD18153BD2}.Debug|x86.ActiveCfg = Debug|Win32
		{A753A39B-4FC3-474E-B6E6-5EBD18153BD2}.Debug|x86.Build.0 = Debug|Win32
		{A753A39B-4FC3-474E-B6E6-5EBD18153BD2}.Release|Any CPU.ActiveCfg = Release|x64
		{A753A39B-4FC3-474E-B6E6-5EBD18153BD2}.Release|Any CPU.Build.0 = Release|x64
		{A753A39B-4FC3-474E-B6E6-5EBD18153BD2}.Release|x64.ActiveCfg = Release|x64
		{A753A39B-4FC3-474E-B6E6-5EBD18153BD2}.Release|x64.Build.0 = Release|x64
		{A753A39B-4FC3-474E-B6E6-5EBD18153BD2}.Release|x86.ActiveCfg = Release|Win32
		{A753A39B-4FC3-474E-B6E6-5EBD18153BD2}.Release|x86.Build.0 = Release|Win32
		{BC0FA465-1396-4045-B22E-6FD26ED8CC0F}.Debug|Any CPU.ActiveCfg = Debug|x64
		{BC0FA465-1396-4045-B22E-6FD26ED8CC0F}.Debug|Any CPU.Build.0 = Debug|x64
		{BC0FA465-1396-4045-B22E-6FD26ED8CC0F}.Debug|x64.ActiveCfg = Debug|x64
		{BC0FA465-1396-4045-B22E-6FD26ED8CC0F}.Debug|x64.Build.0 = Debug|x64
		{BC0FA465-1396-4045-B22E-6FD26ED8CC0F}.Debug|x86.ActiveCfg = Debug|Win32
		{BC0FA465-1396-4045-B22E-6FD26ED8CC0F}.Debug|x86.Build.0 = Debug|Win32
		{BC0FA465-1396-4045-B22E-6FD26ED8CC0F}.Release|Any CPU.ActiveCfg = Release|x64
		{BC0FA465-1396-4045-B22E-6FD26ED8CC0F}.Release|Any CPU.Build.0 = Release|x64
		{BC0FA465-1396-4045-B22E-6FD26ED8CC0F}.Release|x64.ActiveCfg = Release|x64
		{BC0FA465-1396-4045-B22E-6FD26ED8CC0F}.Release|x64.Build.0 = Release|x64
		{BC0FA465-1396-4045-B22E-6FD26ED8CC0F}.Release|x86.ActiveCfg = Release|Win32
		{BC0FA465-1396-4045-B22E-6FD26ED8CC0F}.Release|x86.Build.0 = Release|Win32
		{6B8A428D-7219-4FF2-8477-51EE731906A0}.Debug|Any CPU.ActiveCfg = Debug|x64
		{6B8A428D-7219-4FF2-8477-51EE731906A0}.Debug|Any CPU.Build.0 = Debug|x64
		{6B8A428D-7219-4FF2-8477-51EE731906A0}.Debug|x64.ActiveCfg = Debug|x64
		{6B8A428D-7219-4FF2-8477-51EE731906A0}.Debug|x64.Build.0 = Debug|x64
		{6B8A428D-7219-4FF2-8477-51EE731906A0}.Debug|x86.ActiveCfg = Debug|Win32
		{6B8A428D-7219-4FF2-8477-51EE731906A0}.Debug|x86.Build.0 = Debug|Win32
		{6B8A428D-7219-4FF2-8477-51EE731906A0}.Release|Any CPU.ActiveCfg = Release|x64
		{6B8A428D-7219-4FF2-8477-51EE731906A0}.Release|Any CPU.Build.0 = Release|x64
		{6B8A428D-7219-4FF2-8477-51EE731906A0}.Release|x64.ActiveCfg = Release|x64
		{6B8A428D-7219-4FF2-8477-51EE731906A0}.Release|x64.Build.0 = Release|x64
		{6B8A428D-7219-4FF2-8477-51EE731906A0}.Release|x86.ActiveCfg = Release|Win32
		{6B8A428D-7219-4FF2-8477-51EE731906A0}.Release|x86.Build.0 = Release|Win32
		{14A1630C-73B7-4F2B-8845-8360845F6CA0}.Debug|Any CPU.ActiveCfg = Debug|x64
		{14A1630C-73B7-4F2B-8845-8360845F6CA0}.Debug|Any CPU.Build.0 = Debug|x64
		{14A1630C-73B7-4F2B-8845-8360845F6CA0}.Debug|x64.ActiveCfg = Debug|x64
		{14A1630C-73B7-4F2B-8845-8360845F6CA0}.Debug|x64.Build.0 = Debug|x64
		{14A1630C-73B7-4F2B-8845-8360845F6CA0}.Debug|x86.ActiveCfg = Debug|Win32
		{14A1630C-73B7-4F2B-8845-8360845F6CA0}.Debug|x86.Build.0 = Debug|Win32
		{14A1630C-73B7-4F2B-8845-8360845F6CA0}.Release|Any CPU.ActiveCfg = Release|x64
		{14A1630C-73B7-4F2B-8845-8360845F6CA0}.Release|Any CPU.Build.0 = Release|x64
		{14A1630C-73B7-4F2B-8845-8360845F6CA0}.Release|x64.ActiveCfg = Release|x64
		{14A1630C-73B7-4F2B-8845-8360845F6CA0}.Release|x64.Build.0 = Release|x64
		{14A1630C-73B7-4F2B-8845-8360845F6CA0}.Release|x86.ActiveCfg = Release|Win32
		{14A1630C-73B7-4F2B-8845-8360845F6CA0}.Release|x86.Build.0 = Release|Win32
		{E9E6E755-8F21-4138-96FD-BA1A899A48E6}.Debug|Any CPU.ActiveCfg = Debug|x64
		{E9E6E755-8F21-4138-96FD-BA1A899A48E6}.Debug|Any CPU.Build.0 = Debug|x64
		{E9E6E755-8F21-4138-96FD-BA1A899A48E6}.Debug|x64.ActiveCfg = Debug|x64
		{E9E6E755-8F21-4138-96FD-BA1A899A48E6}.Debug|x64.Build.0 = Debug|x64
		{E9E6E755-8F21-4138-96FD-BA1A899A48E6}.Debug|x86.ActiveCfg = Debug|Win32
		{E9E6E755-8F21-4138-96FD-BA1A899A48E6}.Debug|x86.Build.0 = Debug|Win32
		{E9E6E755-8F21-4138-96FD-BA1A899A48E6}.Release|Any CPU.ActiveCfg = Release|x64
		{E9E6E755-8F21-4138-96FD-BA1A899A48E6}.Release|Any CPU.Build.0 = Release|x64
		{E9E6E755-8F21-4138-96FD-BA1A899A48E6}.Release|x64.ActiveCfg = Release|x64
		{E9E6E755-8F21-4138-96FD-BA1A899A48E6}.Release|x64.Build.0 = Release|x64
		{E9E6E755-8F21-4138-96FD-BA1A899A48E6}.Release|x86.ActiveCfg = Release|Win32
		{E9E6E755-8F21-4138-96FD-BA1A899A48E6}.Release|x86.Build.0 = Release|Win32
		{870D6C8F-6A32-4A10-85B7-9CED87E2F197}.Debug|Any CPU.ActiveCfg = Debug|x64
		{870D6C8F-6A32-4A10-85B7-9CED87E2F197}.Debug|Any CPU.Build.0 = Debug|x64
		{870D6C8F-6A32-4A10-85B7-9CED87E2F197}.Debug|x64.ActiveCfg = Debug|x64
		{870D6C8F-6A32-4A10-85B7-9CED87E2F197}.Debug|x64.Build.0 = Debug|x64
		{870D6C8F-6A32-4A10-85B7-9CED87E2F197}.Debug|x86.ActiveCfg = Debug|Win32
		{870D6C8F-6A32-4A10-85B7-9CED87E2F197}.Debug|x86.Build.0 = Debug|Win32
		{870D6C8F-6A32-4A10-85B7-9CED87E2F197}.Release|Any CPU.ActiveCfg = Release|x64
		{870D6C8F-6A32-4A10-85B7-9CED87E2F197}.Release|Any CPU.Build.0 = Release|x64
		{870D6C8F-6A32-4A10-85B7-9CED87E2F197}.Release|x64.ActiveCfg = Release|x64
		{870D6C8F-6A32-4A10-85B7-9CED87E2F197}.Release|x64.Build.0 = Release|x64
		{870D6C8F-6A32-4A10-85B7-9CED87E2F197}.Release|x86.ActiveCfg = Release|Win32
		{870D6C8F-6A32-4A10-85B7-9CED87E2F197}.Release|x86.Build.0 = Release|Win32
		{1602A8FF-D4B6-4D96-9268-D4E534BE0EBD}.Debug|Any CPU.ActiveCfg = Debug|x64
		{1602A8FF-D4B6-4D96-9268-D4E534BE0EBD}.Debug|Any CPU.Build.0 = Debug|x64
		{1602A8FF-D4B6-4D96-9268-D4E534BE0EBD}.Debug|x64.ActiveCfg = Debug|x64
		{1602A8FF-D4B6-4D96-9268-D4E534BE0EBD}.Debug|x64.Build.0 = Debug|x64
		{1602A8FF-D4B6-4D96-9268-D4E534BE0EBD}.Debug|x86.ActiveCfg = Debug|Win32
		{1602A8FF-D4B6-4D96-9268-D4E534BE0EBD}.Debug|x86.Build.0 = Debug|Win32
		{1602A8FF-D4B6-4D96-9268-D4E534BE0EBD}.Release|Any CPU.ActiveCfg = Release|x64
		{1602A8FF-D4B6-4D96-9268-D4E534BE0EBD}.Release|Any CPU.Build.0 = Release|x64
		{1602A8FF-D4B6-4D96-9268-D4E534BE0EBD}.Release|x64.ActiveCfg = Release|x64
		{1602A8FF-D4B6-4D96-9268-D4E534BE0EBD}.Release|x64.Build.0 = Release|x64
		{1602A8FF-D4B6-4D96-9268-D4E534BE0EBD}.Release|x86.ActiveCfg = Release|Win32
		{1602A8FF-D4B6-4D96-9268-D4E534BE0EBD}.Release|x86.Build.0 = Release|Win32
		{10075F29-9D19-4457-9ACE-E80C5E963344}.Debug|Any CPU.ActiveCfg = Debug|x64
		{10075F29-9D19-4457-9ACE-E80C5E963344}.Debug|Any CPU.Build.0 = Debug|x64
		{10075F29-9D19-4457-9ACE-E80C5E963344}.Debug|x64.ActiveCfg = Debug|x64
		{10075F29-9D19-4457-9ACE-E80C5E963344}.Debug|x64.Build.0 = Debug|x64
		{10075F29-9D19-4457-9ACE-E80C5E963344}.Debug|x86.ActiveCfg = Debug|Win32
		{10075F29-9D19-4457-9ACE-E80C5E963344}.Debug|x86.Build.0 = Debug|Win32
		{10075F29-9D19-4457-9ACE-E80C5E963344}.Release|Any CPU.ActiveCfg = Release|x64
		{10075F29-9D19-4457-9ACE-E80C5E963344}.Release|Any CPU.Build.0 = Release|x64
		{10075F29-9D19-4457-9ACE-E80C5E963344}.Release|x64.ActiveCfg = Release|x64
		{10075F29-9D19-4457-9ACE-E80C5E963344}.Release|x64.Build.0 = Release|x64
		{10075F29-9D19-4457-9ACE-E80C5E963344}.Release|x86.ActiveCfg = Release|Win32
		{10075F29-9D19-4457-9ACE-E80C5E963344}.Release|x86.Build.0 = Release|Win32
		{EF3BDAF9-EBF1-4A7D-9620-13D69E6D2CBF}.Debug|Any CPU.ActiveCfg = Debug|x64
		{EF3BDAF9-EBF1-4A7D-9620-13D69E6D2CBF}.Debug|Any CPU.Build.0 = Debug|x64
		{EF3BDAF9-EBF1-4A7D-9620-13D69E6D2CBF}.Debug|x64.ActiveCfg = Debug|x64
		{EF3BDAF9-EBF1-4A7D-9620-13D69E6D2CBF}.Debug|x64.Build.0 = Debug|x64
		{EF3BDAF9-EBF1-4A7D-9620-13D69E6D2CBF}.Debug|x86.ActiveCfg = Debug|Win32
		{EF3BDAF9-EBF1-4A7D-9620-13D69E6D2CBF}.Debug|x86.Build.0 = Debug|Win32
		{EF3BDAF9-EBF1-4A7D-9620-13D69E6D2CBF}.Release|Any CPU.ActiveCfg = Release|x64
		{EF3BDAF9-EBF1-4A7D-9620-13D69E6D2CBF}.Release|Any CPU.Build.0 = Release|x64
		{EF3BDAF9-EBF1-4A7D-9620-13D69E6D2CBF}.Release|x64.ActiveCfg = Release|x64
		{EF3BDAF9-EBF1-4A7D-9620-13D69E6D2CBF}.Release|x64.Build.0 = Release|x64
		{EF3BDAF9-EBF1-4A7D-9620-13D69E6D2CBF}.Release|x86.ActiveCfg = Release|Win32
		{EF3BDAF9-EBF1-4A7D-9620-13D69E6D2CBF}.Release|x86.Build.0 = Release|Win32
		{8C2EB09C-7648-4526-821A-90C869C4758F}.Debug|Any CPU.ActiveCfg = Debug|x64
		{8C2EB09C-7648-4526-821A-90C869C4758F}.Debug|Any CPU.Build.0 = Debug|x64
		{8C2EB09C-7648-4526-821A-90C869C4758F}.Debug|x64.ActiveCfg = Debug|x64
		{8C2EB09C-7648-4526-821A-90C869C4758F}.Debug|x64.Build.0 = Debug|x64
		{8C2EB09C-7648-4526-821A-90C869C4758F}.Debug|x86.ActiveCfg = Debug|Win32
		{8C2EB09C-7648-4526-821A-90C869C4758F}.Debug|x86.Build.0 = Debug|Win32
		{8C2EB09C-7648-4526-821A-90C869C4758F}.Release|Any CPU.ActiveCfg = Release|x64
		{8C2EB09C-7648-4526-821A-90C869C4758F}.Release|Any CPU.Build.0 = Release|x64
		{8C2EB09C-7648-4526-821A-90C869C4758F}.Release|x64.ActiveCfg = Release|x64
		{8C2EB09C-7648-4526-821A-90C869C4758F}.Release|x64.Build.0 = Release|x64
		{8C2EB09C-7648-4526-821A-90C869C4758F}.Release|x86.ActiveCfg = Release|Win32
		{8C2EB09C-7648-4526-821A-90C869C4758F}.Release|x86.Build.0 = Release|Win32
		{F102BA23-3BAE-4C1B-98C4-7A0114007C1E}.Debug|Any CPU.ActiveCfg = Debug|x64
		{F102BA23-3BAE-4C1B-98C4-7A0114007C1E}.Debug|Any CPU.Build.0 = Debug|x64
		{F102BA23-3BAE-4C1B-98C4-7A0114007C1E}.Debug|x64.ActiveCfg = Debug|x64
		{F102BA23-3BAE-4C1B-98C4-7A0114007C1E}.Debug|x64.Build.0 = Debug|x64
		{F102BA23-3BAE-4C1B-98C4-7A0114007C1E}.Debug|x86.ActiveCfg = Debug|Win32
		{F102BA23-3BAE-4C1B-98C4-7A0114007C1E}.Debug|x86.Build.0 = Debug|Win32
		{F102BA23-3BAE-4C1B-98C4-7A0114007C1E}.Release|Any CPU.ActiveCfg = Release|x64
		{F102BA23-3BAE-4C1B-98C4-7A0114007C1E}.Release|Any CPU.Build.0 = Release|x64
		{F102BA23-3BAE-4C1B-98C4-7A0114007C1E}.Release|x64.ActiveCfg = Release|x64
		{F102BA23-3BAE-4C1B-98C4-7A0114007C1E}.Release|x64.Build.0 = Release|x64
		{F102BA23-3BAE-4C1B-98C4-7A0114007C1E}.Release|x86.ActiveCfg = Release|Win32
		{F102BA23-3BAE-4C1B-98C4-7A0114007C1E}.Release|x86.Build.0 = Release|Win32
		{A0993A9A-538C-4A04-9FAB-BA992463B819}.Debug|Any CPU.ActiveCfg = Debug|x64
		{A0993A9A-538C-4A04-9FAB-BA992463B819}.Debug|Any CPU.Build.0 = Debug|x64
		{A0993A9A-538C-4A04-9FAB-BA992463B819}.Debug|x64.ActiveCfg = Debug|x64
		{A0993A9A-538C-4A04-9FAB-BA992463B819}.Debug|x64.Build.0 = Debug|x64
		{A0993A9A-538C-4A04-9FAB-BA992463B819}.Debug|x86.ActiveCfg = Debug|Win32
		{A0993A9A-538C-4A04-9FAB-BA992463B819}.Debug|x86.Build.0 = Debug|Win32
		{A0993A9A-538C-4A04-9FAB-BA992463B819}.Release|Any CPU.ActiveCfg = Release|x64
		{A0993A9A-538C-4A04-9FAB-BA992463B819}.Release|Any CPU.Build.0 = Release|x64
		{A0993A9A-538C-4A04-9FAB-BA992463B819}.Release|x64.ActiveCfg = Release|x64
		{A0993A9A-538C-4A04-9FAB-BA992463B819}.Release|x64.Build.0 = Release|x64
		{A0993A9A-538C-4A04-9FAB-BA992463B819}.Release|x86.ActiveCfg = Release|Win32
		{A0993A9A-538C-4A04-9FAB-BA992463B819}.Release|x86.Build.0 = Release|Win32
		{0B5C6005-7CB9-4A65-8A02-568C188C53C6}.Debug|Any CPU.ActiveCfg = Debug|Any CPU
		{0B5C6005-7CB9-4A65-8A02-568C188C53C6}.Debug|Any CPU.Build.0 = Debug|Any CPU
		{0B5C6005-7CB9-4A65-8A02-568C188C53C6}.Debug|x64.ActiveCfg = Debug|Any CPU
		{0B5C6005-7CB9-4A65-8A02-568C188C53C6}.Debug|x64.Build.0 = Debug|Any CPU
		{0B5C6005-7CB9-4A65-8A02-568C188C53C6}.Debug|x86.ActiveCfg = Debug|Any CPU
		{0B5C6005-7CB9-4A65-8A02-568C188C53C6}.Debug|x86.Build.0 = Debug|Any CPU
		{0B5C6005-7CB9-4A65-8A02-568C188C53C6}.Release|Any CPU.ActiveCfg = Release|Any CPU
		{0B5C6005-7CB9-4A65-8A02-568C188C53C6}.Release|Any CPU.Build.0 = Release|Any CPU
		{0B5C6005-7CB9-4A65-8A02-568C188C53C6}.Release|x64.ActiveCfg = Release|Any CPU
		{0B5C6005-7CB9-4A65-8A02-568C188C53C6}.Release|x64.Build.0 = Release|Any CPU
		{0B5C6005-7CB9-4A65-8A02-568C188C53C6}.Release|x86.ActiveCfg = Release|Any CPU
		{0B5C6005-7CB9-4A65-8A02-568C188C53C6}.Release|x86.Build.0 = Release|Any CPU
		{D02FE4C7-8BBA-4E07-BCD1-C914BC8B7902}.Debug|Any CPU.ActiveCfg = Debug|x64
		{D02FE4C7-8BBA-4E07-BCD1-C914BC8B7902}.Debug|Any CPU.Build.0 = Debug|x64
		{D02FE4C7-8BBA-4E07-BCD1-C914BC8B7902}.Debug|x64.ActiveCfg = Debug|x64
		{D02FE4C7-8BBA-4E07-BCD1-C914BC8B7902}.Debug|x64.Build.0 = Debug|x64
		{D02FE4C7-8BBA-4E07-BCD1-C914BC8B7902}.Debug|x86.ActiveCfg = Debug|Win32
		{D02FE4C7-8BBA-4E07-BCD1-C914BC8B7902}.Debug|x86.Build.0 = Debug|Win32
		{D02FE4C7-8BBA-4E07-BCD1-C914BC8B7902}.Release|Any CPU.ActiveCfg = Release|x64
		{D02FE4C7-8BBA-4E07-BCD1-C914BC8B7902}.Release|Any CPU.Build.0 = Release|x64
		{D02FE4C7-8BBA-4E07-BCD1-C914BC8B7902}.Release|x64.ActiveCfg = Release|x64
		{D02FE4C7-8BBA-4E07-BCD1-C914BC8B7902}.Release|x64.Build.0 = Release|x64
		{D02FE4C7-8BBA-4E07-BCD1-C914BC8B7902}.Release|x86.ActiveCfg = Release|Win32
		{D02FE4C7-8BBA-4E07-BCD1-C914BC8B7902}.Release|x86.Build.0 = Release|Win32
		{6983B782-DB47-42C8-877D-3724867B4444}.Debug|Any CPU.ActiveCfg = Debug|x64
		{6983B782-DB47-42C8-877D-3724867B4444}.Debug|Any CPU.Build.0 = Debug|x64
		{6983B782-DB47-42C8-877D-3724867B4444}.Debug|x64.ActiveCfg = Debug|x64
		{6983B782-DB47-42C8-877D-3724867B4444}.Debug|x64.Build.0 = Debug|x64
		{6983B782-DB47-42C8-877D-3724867B4444}.Debug|x86.ActiveCfg = Debug|Win32
		{6983B782-DB47-42C8-877D-3724867B4444}.Debug|x86.Build.0 = Debug|Win32
		{6983B782-DB47-42C8-877D-3724867B4444}.Release|Any CPU.ActiveCfg = Release|x64
		{6983B782-DB47-42C8-877D-3724867B4444}.Release|Any CPU.Build.0 = Release|x64
		{6983B782-DB47-42C8-877D-3724867B4444}.Release|x64.ActiveCfg = Release|x64
		{6983B782-DB47-42C8-877D-3724867B4444}.Release|x64.Build.0 = Release|x64
		{6983B782-DB47-42C8-877D-3724867B4444}.Release|x86.ActiveCfg = Release|Win32
		{6983B782-DB47-42C8-877D-3724867B4444}.Release|x86.Build.0 = Release|Win32
		{E878B491-C9E2-470E-8ECE-1799FC856F68}.Debug|Any CPU.ActiveCfg = Debug|x64
		{E878B491-C9E2-470E-8ECE-1799FC856F68}.Debug|Any CPU.Build.0 = Debug|x64
		{E878B491-C9E2-470E-8ECE-1799FC856F68}.Debug|x64.ActiveCfg = Debug|x64
		{E878B491-C9E2-470E-8ECE-1799FC856F68}.Debug|x64.Build.0 = Debug|x64
		{E878B491-C9E2-470E-8ECE-1799FC856F68}.Debug|x86.ActiveCfg = Debug|Win32
		{E878B491-C9E2-470E-8ECE-1799FC856F68}.Debug|x86.Build.0 = Debug|Win32
		{E878B491-C9E2-470E-8ECE-1799FC856F68}.Release|Any CPU.ActiveCfg = Release|x64
		{E878B491-C9E2-470E-8ECE-1799FC856F68}.Release|Any CPU.Build.0 = Release|x64
		{E878B491-C9E2-470E-8ECE-1799FC856F68}.Release|x64.ActiveCfg = Release|x64
		{E878B491-C9E2-470E-8ECE-1799FC856F68}.Release|x64.Build.0 = Release|x64
		{E878B491-C9E2-470E-8ECE-1799FC856F68}.Release|x86.ActiveCfg = Release|Win32
		{E878B491-C9E2-470E-8ECE-1799FC856F68}.Release|x86.Build.0 = Release|Win32
		{A55DE580-5F49-4D10-A790-D45098606D3D}.Debug|Any CPU.ActiveCfg = Debug|x64
		{A55DE580-5F49-4D10-A790-D45098606D3D}.Debug|Any CPU.Build.0 = Debug|x64
		{A55DE580-5F49-4D10-A790-D45098606D3D}.Debug|x64.ActiveCfg = Debug|x64
		{A55DE580-5F49-4D10-A790-D45098606D3D}.Debug|x64.Build.0 = Debug|x64
		{A55DE580-5F49-4D10-A790-D45098606D3D}.Debug|x86.ActiveCfg = Debug|Win32
		{A55DE580-5F49-4D10-A790-D45098606D3D}.Debug|x86.Build.0 = Debug|Win32
		{A55DE580-5F49-4D10-A790-D45098606D3D}.Release|Any CPU.ActiveCfg = Release|x64
		{A55DE580-5F49-4D10-A790-D45098606D3D}.Release|Any CPU.Build.0 = Release|x64
		{A55DE580-5F49-4D10-A790-D45098606D3D}.Release|x64.ActiveCfg = Release|x64
		{A55DE580-5F49-4D10-A790-D45098606D3D}.Release|x64.Build.0 = Release|x64
		{A55DE580-5F49-4D10-A790-D45098606D3D}.Release|x86.ActiveCfg = Release|Win32
		{A55DE580-5F49-4D10-A790-D45098606D3D}.Release|x86.Build.0 = Release|Win32
		{2DF1022A-64B7-4F44-B02B-6C5208121280}.Debug|Any CPU.ActiveCfg = Debug|x64
		{2DF1022A-64B7-4F44-B02B-6C5208121280}.Debug|Any CPU.Build.0 = Debug|x64
		{2DF1022A-64B7-4F44-B02B-6C5208121280}.Debug|x64.ActiveCfg = Debug|x64
		{2DF1022A-64B7-4F44-B02B-6C5208121280}.Debug|x64.Build.0 = Debug|x64
		{2DF1022A-64B7-4F44-B02B-6C5208121280}.Debug|x86.ActiveCfg = Debug|Win32
		{2DF1022A-64B7-4F44-B02B-6C5208121280}.Debug|x86.Build.0 = Debug|Win32
		{2DF1022A-64B7-4F44-B02B-6C5208121280}.Release|Any CPU.ActiveCfg = Release|x64
		{2DF1022A-64B7-4F44-B02B-6C5208121280}.Release|Any CPU.Build.0 = Release|x64
		{2DF1022A-64B7-4F44-B02B-6C5208121280}.Release|x64.ActiveCfg = Release|x64
		{2DF1022A-64B7-4F44-B02B-6C5208121280}.Release|x64.Build.0 = Release|x64
		{2DF1022A-64B7-4F44-B02B-6C5208121280}.Release|x86.ActiveCfg = Release|Win32
		{2DF1022A-64B7-4F44-B02B-6C5208121280}.Release|x86.Build.0 = Release|Win32
		{9F695574-18B9-4598-86E1-49FF1DC60FAF}.Debug|Any CPU.ActiveCfg = Debug|x64
		{9F695574-18B9-4598-86E1-49FF1DC60FAF}.Debug|Any CPU.Build.0 = Debug|x64
		{9F695574-18B9-4598-86E1-49FF1DC60FAF}.Debug|x64.ActiveCfg = Debug|x64
		{9F695574-18B9-4598-86E1-49FF1DC60FAF}.Debug|x64.Build.0 = Debug|x64
		{9F695574-18B9-4598-86E1-49FF1DC60FAF}.Debug|x86.ActiveCfg = Debug|Win32
		{9F695574-18B9-4598-86E1-49FF1DC60FAF}.Debug|x86.Build.0 = Debug|Win32
		{9F695574-18B9-4598-86E1-49FF1DC60FAF}.Release|Any CPU.ActiveCfg = Release|x64
		{9F695574-18B9-4598-86E1-49FF1DC60FAF}.Release|Any CPU.Build.0 = Release|x64
		{9F695574-18B9-4598-86E1-49FF1DC60FAF}.Release|x64.ActiveCfg = Release|x64
		{9F695574-18B9-4598-86E1-49FF1DC60FAF}.Release|x64.Build.0 = Release|x64
		{9F695574-18B9-4598-86E1-49FF1DC60FAF}.Release|x86.ActiveCfg = Release|Win32
		{9F695574-18B9-4598-86E1-49FF1DC60FAF}.Release|x86.Build.0 = Release|Win32
		{E34742A2-B386-4AA4-B1AA-003AD86DAE1B}.Debug|Any CPU.ActiveCfg = Debug|x64
		{E34742A2-B386-4AA4-B1AA-003AD86DAE1B}.Debug|Any CPU.Build.0 = Debug|x64
		{E34742A2-B386-4AA4-B1AA-003AD86DAE1B}.Debug|x64.ActiveCfg = Debug|x64
		{E34742A2-B386-4AA4-B1AA-003AD86DAE1B}.Debug|x64.Build.0 = Debug|x64
		{E34742A2-B386-4AA4-B1AA-003AD86DAE1B}.Debug|x86.ActiveCfg = Debug|Win32
		{E34742A2-B386-4AA4-B1AA-003AD86DAE1B}.Debug|x86.Build.0 = Debug|Win32
		{E34742A2-B386-4AA4-B1AA-003AD86DAE1B}.Release|Any CPU.ActiveCfg = Release|x64
		{E34742A2-B386-4AA4-B1AA-003AD86DAE1B}.Release|Any CPU.Build.0 = Release|x64
		{E34742A2-B386-4AA4-B1AA-003AD86DAE1B}.Release|x64.ActiveCfg = Release|x64
		{E34742A2-B386-4AA4-B1AA-003AD86DAE1B}.Release|x64.Build.0 = Release|x64
		{E34742A2-B386-4AA4-B1AA-003AD86DAE1B}.Release|x86.ActiveCfg = Release|Win32
		{E34742A2-B386-4AA4-B1AA-003AD86DAE1B}.Release|x86.Build.0 = Release|Win32
		{E28B7036-3CA4-41FF-9A0A-8E380FC53897}.Debug|Any CPU.ActiveCfg = Debug|x64
		{E28B7036-3CA4-41FF-9A0A-8E380FC53897}.Debug|Any CPU.Build.0 = Debug|x64
		{E28B7036-3CA4-41FF-9A0A-8E380FC53897}.Debug|x64.ActiveCfg = Debug|x64
		{E28B7036-3CA4-41FF-9A0A-8E380FC53897}.Debug|x64.Build.0 = Debug|x64
		{E28B7036-3CA4-41FF-9A0A-8E380FC53897}.Debug|x86.ActiveCfg = Debug|Win32
		{E28B7036-3CA4-41FF-9A0A-8E380FC53897}.Debug|x86.Build.0 = Debug|Win32
		{E28B7036-3CA4-41FF-9A0A-8E380FC53897}.Release|Any CPU.ActiveCfg = Release|x64
		{E28B7036-3CA4-41FF-9A0A-8E380FC53897}.Release|Any CPU.Build.0 = Release|x64
		{E28B7036-3CA4-41FF-9A0A-8E380FC53897}.Release|x64.ActiveCfg = Release|x64
		{E28B7036-3CA4-41FF-9A0A-8E380FC53897}.Release|x64.Build.0 = Release|x64
		{E28B7036-3CA4-41FF-9A0A-8E380FC53897}.Release|x86.ActiveCfg = Release|Win32
		{E28B7036-3CA4-41FF-9A0A-8E380FC53897}.Release|x86.Build.0 = Release|Win32
	EndGlobalSection
	GlobalSection(SolutionProperties) = preSolution
		HideSolutionNode = FALSE
	EndGlobalSection
	GlobalSection(NestedProjects) = preSolution
		{7C43283A-E59D-4778-989B-FBF362670D2D} = {336C58B6-45E1-4536-89E7-CD07F53E3B9E}
		{6E83E092-68EA-4B1A-BBAB-DBFF2F2DC2E2} = {336C58B6-45E1-4536-89E7-CD07F53E3B9E}
		{07BAF228-B257-4974-9E90-35A7294B0131} = {336C58B6-45E1-4536-89E7-CD07F53E3B9E}
		{305A5915-AD4C-465C-B710-77C715D2E1D3} = {336C58B6-45E1-4536-89E7-CD07F53E3B9E}
		{C1C93D2A-2981-473D-81DA-CD868F8CAE15} = {336C58B6-45E1-4536-89E7-CD07F53E3B9E}
		{EB0F0433-E99B-4786-A7CB-74435665EFEA} = {336C58B6-45E1-4536-89E7-CD07F53E3B9E}
		{F83CAFCF-9D0E-4093-BC49-01F4A280AF8D} = {336C58B6-45E1-4536-89E7-CD07F53E3B9E}
		{34A7F9A3-BA9E-4F75-9113-4885171C0E7F} = {336C58B6-45E1-4536-89E7-CD07F53E3B9E}
		{440D4D47-8341-4A7D-B28A-A3899C0F8F90} = {336C58B6-45E1-4536-89E7-CD07F53E3B9E}
		{BDC8EA3F-8FFE-40DD-A283-8B7471086579} = {336C58B6-45E1-4536-89E7-CD07F53E3B9E}
		{F0F1351A-B671-4360-BC08-70544914FE5F} = {336C58B6-45E1-4536-89E7-CD07F53E3B9E}
		{F616A209-271B-4E3A-A27F-764D7E7A2F3A} = {336C58B6-45E1-4536-89E7-CD07F53E3B9E}
		{60C8C68A-398C-46BE-9EC8-053F09E41393} = {336C58B6-45E1-4536-89E7-CD07F53E3B9E}
		{6C3ED02B-0777-461A-B285-1EB99B2B869D} = {336C58B6-45E1-4536-89E7-CD07F53E3B9E}
		{5680D544-8E8D-4894-A844-4CF6B6D21675} = {336C58B6-45E1-4536-89E7-CD07F53E3B9E}
		{6C333889-54A2-4BE4-8AEF-AB22429589F8} = {336C58B6-45E1-4536-89E7-CD07F53E3B9E}
		{EECAD0EF-497A-4C3E-A76A-72C1DEB9B995} = {336C58B6-45E1-4536-89E7-CD07F53E3B9E}
		{62137B3A-9EBC-459E-BA01-A58260F33551} = {336C58B6-45E1-4536-89E7-CD07F53E3B9E}
		{3FA0E149-8ECB-49F6-8E85-CBB7D1195397} = {336C58B6-45E1-4536-89E7-CD07F53E3B9E}
		{C7584343-1F2D-4690-AF94-CC4003C718FA} = {336C58B6-45E1-4536-89E7-CD07F53E3B9E}
		{5F57400E-5914-412A-AF7B-B85A81ED5A38} = {336C58B6-45E1-4536-89E7-CD07F53E3B9E}
		{DE06F00B-8E80-44A8-8CDB-AC5B12D0312A} = {2BE18894-9103-4F33-A314-5CD92163C08B}
		{3B1A88A4-4DCD-4D8D-AB58-BC7D104AB626} = {2BE18894-9103-4F33-A314-5CD92163C08B}
		{0C507308-D349-4F53-B144-8064416427A2} = {2BE18894-9103-4F33-A314-5CD92163C08B}
		{47E2A22E-0E4B-4D47-BA95-0269ACB912E3} = {2BE18894-9103-4F33-A314-5CD92163C08B}
		{E93321A0-A860-4C62-9547-74E6A1818EF6} = {2BE18894-9103-4F33-A314-5CD92163C08B}
		{F0B66201-948D-41A4-A11A-18E4AA7F9456} = {2BE18894-9103-4F33-A314-5CD92163C08B}
		{421AE732-DE5B-4019-93E2-BA2976A47C14} = {2BE18894-9103-4F33-A314-5CD92163C08B}
		{A753A39B-4FC3-474E-B6E6-5EBD18153BD2} = {2BE18894-9103-4F33-A314-5CD92163C08B}
		{BC0FA465-1396-4045-B22E-6FD26ED8CC0F} = {9850F2B0-60A8-462A-A2A6-6E09E2CDA5BE}
		{6B8A428D-7219-4FF2-8477-51EE731906A0} = {336C58B6-45E1-4536-89E7-CD07F53E3B9E}
		{14A1630C-73B7-4F2B-8845-8360845F6CA0} = {2BE18894-9103-4F33-A314-5CD92163C08B}
		{E9E6E755-8F21-4138-96FD-BA1A899A48E6} = {2BE18894-9103-4F33-A314-5CD92163C08B}
		{870D6C8F-6A32-4A10-85B7-9CED87E2F197} = {9850F2B0-60A8-462A-A2A6-6E09E2CDA5BE}
		{1602A8FF-D4B6-4D96-9268-D4E534BE0EBD} = {9850F2B0-60A8-462A-A2A6-6E09E2CDA5BE}
		{10075F29-9D19-4457-9ACE-E80C5E963344} = {9850F2B0-60A8-462A-A2A6-6E09E2CDA5BE}
		{EF3BDAF9-EBF1-4A7D-9620-13D69E6D2CBF} = {82593695-28F1-4EEF-868A-E699061DF88A}
		{8C2EB09C-7648-4526-821A-90C869C4758F} = {82593695-28F1-4EEF-868A-E699061DF88A}
		{F102BA23-3BAE-4C1B-98C4-7A0114007C1E} = {E1AD940A-193A-44DF-9389-89E653BC08B7}
		{A0993A9A-538C-4A04-9FAB-BA992463B819} = {8304D2F6-1366-4BA4-B34E-8935E45AA983}
		{0B5C6005-7CB9-4A65-8A02-568C188C53C6} = {40CDF760-A1C0-4A94-9588-9BE32FFE43EF}
		{D02FE4C7-8BBA-4E07-BCD1-C914BC8B7902} = {40CDF760-A1C0-4A94-9588-9BE32FFE43EF}
		{6983B782-DB47-42C8-877D-3724867B4444} = {02735D1A-C253-4E6C-82F7-40E830C00BBA}
		{E878B491-C9E2-470E-8ECE-1799FC856F68} = {05191684-2720-4493-A15B-F2FADEF2C3A8}
		{A55DE580-5F49-4D10-A790-D45098606D3D} = {05191684-2720-4493-A15B-F2FADEF2C3A8}
		{2DF1022A-64B7-4F44-B02B-6C5208121280} = {15F9F9B1-DA6E-4A50-BF03-868887A7DA91}
		{9F695574-18B9-4598-86E1-49FF1DC60FAF} = {15F9F9B1-DA6E-4A50-BF03-868887A7DA91}
		{E34742A2-B386-4AA4-B1AA-003AD86DAE1B} = {8304D2F6-1366-4BA4-B34E-8935E45AA983}
		{E28B7036-3CA4-41FF-9A0A-8E380FC53897} = {E1AD940A-193A-44DF-9389-89E653BC08B7}
	EndGlobalSection
	GlobalSection(ExtensibilityGlobals) = postSolution
		SolutionGuid = {0A560E32-56E4-4359-B982-7D518069D5EE}
	EndGlobalSection
EndGlobal
